<?xml version="1.0" encoding="utf-8"?>
<Project ToolsVersion="4.0" xmlns="http://schemas.microsoft.com/developer/msbuild/2003">
  <ItemGroup>
    <Filter Include="Input">
      <UniqueIdentifier>{30aacaaa-505d-4dd6-9a2b-1006c5199c92}</UniqueIdentifier>
    </Filter>
    <Filter Include="Source">
      <UniqueIdentifier>{4a54da8f-f1d5-441e-b7da-f317c6109ef6}</UniqueIdentifier>
    </Filter>
  </ItemGroup>
  <ItemGroup>
    <Text Include="..\Input\Input.txt">
      <Filter>Input</Filter>
    </Text>
  </ItemGroup>
  <ItemGroup>
    <ClCompile Include="main.cpp" />
    <ClCompile Include="Source\Spacecraft.cpp">
      <Filter>Source</Filter>
    </ClCompile>
    <ClCompile Include="Source\Fuel.cpp">
      <Filter>Source</Filter>
    </ClCompile>
    <ClCompile Include="Source\Module.cpp">
      <Filter>Source</Filter>
    </ClCompile>
  </ItemGroup>
  <ItemGroup>
    <ClInclude Include="Source\Spacecraft.h">
      <Filter>Source</Filter>
    </ClInclude>
    <ClInclude Include="Source\Fuel.h">
      <Filter>Source</Filter>
    </ClInclude>
    <ClInclude Include="Source\Module.h">
      <Filter>Source</Filter>
    </ClInclude>
  </ItemGroup>
</Project>